
Microsoft Visual Studio Solution File, Format Version 12.00
# Visual Studio Version 16
VisualStudioVersion = 16.0.33801.447
MinimumVisualStudioVersion = 10.0.40219.1
Project("{FAE04EC0-301F-11D3-BF4B-00C04F79EFBC}") = "Mytemize Editor", "Mytemize Editor.csproj", "{78E44432-D481-4397-B550-8A0E26A11C89}"
EndProject
Global
	GlobalSection(SolutionConfigurationPlatforms) = preSolution
		Debug|Any CPU = Debug|Any CPU
		Release|Any CPU = Release|Any CPU
	EndGlobalSection
	GlobalSection(ProjectConfigurationPlatforms) = postSolution
		{78E44432-D481-4397-B550-8A0E26A11C89}.Debug|Any CPU.ActiveCfg = Debug|Any CPU
		{78E44432-D481-4397-B550-8A0E26A11C89}.Debug|Any CPU.Build.0 = Debug|Any CPU
		{78E44432-D481-4397-B550-8A0E26A11C89}.Release|Any CPU.ActiveCfg = Release|Any CPU
		{78E44432-D481-4397-B550-8A0E26A11C89}.Release|Any CPU.Build.0 = Release|Any CPU
	EndGlobalSection
	GlobalSection(SolutionProperties) = preSolution
		HideSolutionNode = FALSE
	EndGlobalSection
	GlobalSection(ExtensibilityGlobals) = postSolution
		SolutionGuid = {4911BAA1-41F6-498D-83EC-9AEE2907CA40}
	EndGlobalSection
EndGlobal
